
Microsoft Visual Studio Solution File, Format Version 12.00
# Visual Studio 15
VisualStudioVersion = 15.0.28010.2026
MinimumVisualStudioVersion = 10.0.40219.1
Project("{9A19103F-16F7-4668-BE54-9A1E7A4F7556}") = "Barcamp.Bot.Core", "Barcamp.Bot.Core\Barcamp.Bot.Core.csproj", "{7877DFC2-B6BD-463F-B391-18C6B557E2AE}"
EndProject
Project("{9A19103F-16F7-4668-BE54-9A1E7A4F7556}") = "Barcamp.Bot", "Barcamp.Bot\Barcamp.Bot.csproj", "{811DA9FC-BE3E-4022-BAA4-391ADA78E14B}"
EndProject
Project("{FAE04EC0-301F-11D3-BF4B-00C04F79EFBC}") = "Barcamp.Bot.Database", "Barcamp.Bot.Database\Barcamp.Bot.Database.csproj", "{795F868B-FCEC-43CC-9E68-A6F38C4CE856}"
EndProject
Project("{FAE04EC0-301F-11D3-BF4B-00C04F79EFBC}") = "Barcamp.Bot.Database.Sqlite", "Barcamp.Bot.Database.Sqlite\Barcamp.Bot.Database.Sqlite.csproj", "{A3A0F578-F025-42DD-AFB0-BD3F85E59DE0}"
EndProject
Project("{FAE04EC0-301F-11D3-BF4B-00C04F79EFBC}") = "Barcamp.Bot.Runtime", "Barcamp.Bot.Runtime\Barcamp.Bot.Runtime.csproj", "{B966B892-5310-40C8-8451-B2F6F8EF1D26}"
EndProject
Global
	GlobalSection(SolutionConfigurationPlatforms) = preSolution
		Debug|Any CPU = Debug|Any CPU
		Release|Any CPU = Release|Any CPU
	EndGlobalSection
	GlobalSection(ProjectConfigurationPlatforms) = postSolution
		{7877DFC2-B6BD-463F-B391-18C6B557E2AE}.Debug|Any CPU.ActiveCfg = Debug|Any CPU
		{7877DFC2-B6BD-463F-B391-18C6B557E2AE}.Debug|Any CPU.Build.0 = Debug|Any CPU
		{7877DFC2-B6BD-463F-B391-18C6B557E2AE}.Release|Any CPU.ActiveCfg = Release|Any CPU
		{7877DFC2-B6BD-463F-B391-18C6B557E2AE}.Release|Any CPU.Build.0 = Release|Any CPU
		{811DA9FC-BE3E-4022-BAA4-391ADA78E14B}.Debug|Any CPU.ActiveCfg = Debug|Any CPU
		{811DA9FC-BE3E-4022-BAA4-391ADA78E14B}.Debug|Any CPU.Build.0 = Debug|Any CPU
		{811DA9FC-BE3E-4022-BAA4-391ADA78E14B}.Release|Any CPU.ActiveCfg = Release|Any CPU
		{811DA9FC-BE3E-4022-BAA4-391ADA78E14B}.Release|Any CPU.Build.0 = Release|Any CPU
		{795F868B-FCEC-43CC-9E68-A6F38C4CE856}.Debug|Any CPU.ActiveCfg = Debug|Any CPU
		{795F868B-FCEC-43CC-9E68-A6F38C4CE856}.Debug|Any CPU.Build.0 = Debug|Any CPU
		{795F868B-FCEC-43CC-9E68-A6F38C4CE856}.Release|Any CPU.ActiveCfg = Release|Any CPU
		{795F868B-FCEC-43CC-9E68-A6F38C4CE856}.Release|Any CPU.Build.0 = Release|Any CPU
		{A3A0F578-F025-42DD-AFB0-BD3F85E59DE0}.Debug|Any CPU.ActiveCfg = Debug|Any CPU
		{A3A0F578-F025-42DD-AFB0-BD3F85E59DE0}.Debug|Any CPU.Build.0 = Debug|Any CPU
		{A3A0F578-F025-42DD-AFB0-BD3F85E59DE0}.Release|Any CPU.ActiveCfg = Release|Any CPU
		{A3A0F578-F025-42DD-AFB0-BD3F85E59DE0}.Release|Any CPU.Build.0 = Release|Any CPU
		{B966B892-5310-40C8-8451-B2F6F8EF1D26}.Debug|Any CPU.ActiveCfg = Debug|Any CPU
		{B966B892-5310-40C8-8451-B2F6F8EF1D26}.Debug|Any CPU.Build.0 = Debug|Any CPU
		{B966B892-5310-40C8-8451-B2F6F8EF1D26}.Release|Any CPU.ActiveCfg = Release|Any CPU
		{B966B892-5310-40C8-8451-B2F6F8EF1D26}.Release|Any CPU.Build.0 = Release|Any CPU
	EndGlobalSection
	GlobalSection(SolutionProperties) = preSolution
		HideSolutionNode = FALSE
	EndGlobalSection
	GlobalSection(ExtensibilityGlobals) = postSolution
		SolutionGuid = {B7D9AB80-FA33-4E59-8259-BF43BAC57184}
	EndGlobalSection
EndGlobal
